
Microsoft Visual Studio Solution File, Format Version 12.00
# Visual Studio Version 17
VisualStudioVersion = 17.7.34024.191
MinimumVisualStudioVersion = 10.0.40219.1
Project("{9A19103F-16F7-4668-BE54-9A1E7A4F7556}") = "TrafficLights.Api", "TrafficLights.Api\TrafficLights.Api.csproj", "{D2A248FC-9887-4BC4-9CFF-C63C2041508C}"
EndProject
Project("{9A19103F-16F7-4668-BE54-9A1E7A4F7556}") = "TrafficLights.Console", "TrafficLights.Console\TrafficLights.Console.csproj", "{DE144D71-1E3C-4E01-B4B5-2940EA9FD3AE}"
EndProject
Project("{9A19103F-16F7-4668-BE54-9A1E7A4F7556}") = "TrafficLights.Web", "TrafficLights.Web\TrafficLights.Web.csproj", "{DD750D08-5434-48CA-A31F-C8A49D622729}"
EndProject
Project("{9A19103F-16F7-4668-BE54-9A1E7A4F7556}") = "TrafficLights.Domain", "TrafficLights.Domain\TrafficLights.Domain.csproj", "{062E3B74-DD98-44BF-9A3F-88D8CD1033D4}"
EndProject
Global
	GlobalSection(SolutionConfigurationPlatforms) = preSolution
		Debug|Any CPU = Debug|Any CPU
		Release|Any CPU = Release|Any CPU
	EndGlobalSection
	GlobalSection(ProjectConfigurationPlatforms) = postSolution
		{D2A248FC-9887-4BC4-9CFF-C63C2041508C}.Debug|Any CPU.ActiveCfg = Debug|Any CPU
		{D2A248FC-9887-4BC4-9CFF-C63C2041508C}.Debug|Any CPU.Build.0 = Debug|Any CPU
		{D2A248FC-9887-4BC4-9CFF-C63C2041508C}.Release|Any CPU.ActiveCfg = Release|Any CPU
		{D2A248FC-9887-4BC4-9CFF-C63C2041508C}.Release|Any CPU.Build.0 = Release|Any CPU
		{DE144D71-1E3C-4E01-B4B5-2940EA9FD3AE}.Debug|Any CPU.ActiveCfg = Debug|Any CPU
		{DE144D71-1E3C-4E01-B4B5-2940EA9FD3AE}.Debug|Any CPU.Build.0 = Debug|Any CPU
		{DE144D71-1E3C-4E01-B4B5-2940EA9FD3AE}.Release|Any CPU.ActiveCfg = Release|Any CPU
		{DE144D71-1E3C-4E01-B4B5-2940EA9FD3AE}.Release|Any CPU.Build.0 = Release|Any CPU
		{DD750D08-5434-48CA-A31F-C8A49D622729}.Debug|Any CPU.ActiveCfg = Debug|Any CPU
		{DD750D08-5434-48CA-A31F-C8A49D622729}.Debug|Any CPU.Build.0 = Debug|Any CPU
		{DD750D08-5434-48CA-A31F-C8A49D622729}.Release|Any CPU.ActiveCfg = Release|Any CPU
		{DD750D08-5434-48CA-A31F-C8A49D622729}.Release|Any CPU.Build.0 = Release|Any CPU
		{062E3B74-DD98-44BF-9A3F-88D8CD1033D4}.Debug|Any CPU.ActiveCfg = Debug|Any CPU
		{062E3B74-DD98-44BF-9A3F-88D8CD1033D4}.Debug|Any CPU.Build.0 = Debug|Any CPU
		{062E3B74-DD98-44BF-9A3F-88D8CD1033D4}.Release|Any CPU.ActiveCfg = Release|Any CPU
		{062E3B74-DD98-44BF-9A3F-88D8CD1033D4}.Release|Any CPU.Build.0 = Release|Any CPU
	EndGlobalSection
	GlobalSection(SolutionProperties) = preSolution
		HideSolutionNode = FALSE
	EndGlobalSection
	GlobalSection(ExtensibilityGlobals) = postSolution
		SolutionGuid = {F724BDD2-0A0B-4A8E-A775-E9E6D45690EE}
	EndGlobalSection
EndGlobal
